
Microsoft Visual Studio Solution File, Format Version 12.00
# Visual Studio Version 17
VisualStudioVersion = 17.7.34009.444
MinimumVisualStudioVersion = 10.0.40219.1
Project("{888888A0-9F3D-457C-B088-3A5042F75D52}") = "Web Scraping", "Web Scraping\Web Scraping.pyproj", "{C9112A46-3DD9-4A4F-BA30-FD8550D47C20}"
EndProject
Global
	GlobalSection(SolutionConfigurationPlatforms) = preSolution
		Debug|Any CPU = Debug|Any CPU
		Release|Any CPU = Release|Any CPU
	EndGlobalSection
	GlobalSection(ProjectConfigurationPlatforms) = postSolution
		{C9112A46-3DD9-4A4F-BA30-FD8550D47C20}.Debug|Any CPU.ActiveCfg = Debug|Any CPU
		{C9112A46-3DD9-4A4F-BA30-FD8550D47C20}.Release|Any CPU.ActiveCfg = Release|Any CPU
	EndGlobalSection
	GlobalSection(SolutionProperties) = preSolution
		HideSolutionNode = FALSE
	EndGlobalSection
	GlobalSection(ExtensibilityGlobals) = postSolution
		SolutionGuid = {33F08DA0-CE50-4562-9562-FAC5142B602A}
	EndGlobalSection
EndGlobal
